
Microsoft Visual Studio Solution File, Format Version 12.00
# Visual Studio Version 17
VisualStudioVersion = 17.2.32526.322
MinimumVisualStudioVersion = 10.0.40219.1
Project("{FAE04EC0-301F-11D3-BF4B-00C04F79EFBC}") = "Line_comparasion", "Line_comparasion.csproj", "{025CC2BA-78AC-49E1-8289-87514425D263}"
EndProject
Global
	GlobalSection(SolutionConfigurationPlatforms) = preSolution
		Debug|Any CPU = Debug|Any CPU
		Release|Any CPU = Release|Any CPU
	EndGlobalSection
	GlobalSection(ProjectConfigurationPlatforms) = postSolution
		{025CC2BA-78AC-49E1-8289-87514425D263}.Debug|Any CPU.ActiveCfg = Debug|Any CPU
		{025CC2BA-78AC-49E1-8289-87514425D263}.Debug|Any CPU.Build.0 = Debug|Any CPU
		{025CC2BA-78AC-49E1-8289-87514425D263}.Release|Any CPU.ActiveCfg = Release|Any CPU
		{025CC2BA-78AC-49E1-8289-87514425D263}.Release|Any CPU.Build.0 = Release|Any CPU
	EndGlobalSection
	GlobalSection(SolutionProperties) = preSolution
		HideSolutionNode = FALSE
	EndGlobalSection
	GlobalSection(ExtensibilityGlobals) = postSolution
		SolutionGuid = {E64F84D9-A624-4C87-AD1C-A0D8F797772B}
	EndGlobalSection
EndGlobal
